
Microsoft Visual Studio Solution File, Format Version 12.00
# Visual Studio 15
VisualStudioVersion = 15.0.27130.2003
MinimumVisualStudioVersion = 10.0.40219.1
Project("{FAE04EC0-301F-11D3-BF4B-00C04F79EFBC}") = "lesson1", "lesson1\lesson1.csproj", "{CE4F40DE-BA6F-4839-87B8-4B0A72318BE1}"
EndProject
Project("{FAE04EC0-301F-11D3-BF4B-00C04F79EFBC}") = "lesson2", "lesson2\lesson2.csproj", "{7A07AC61-5AE3-4758-8032-8C4404C3E566}"
EndProject
Project("{FAE04EC0-301F-11D3-BF4B-00C04F79EFBC}") = "lesson3", "lesson3\lesson3.csproj", "{0CA5D10C-BAF3-48BC-B17C-057A397CF008}"
EndProject
Project("{FAE04EC0-301F-11D3-BF4B-00C04F79EFBC}") = "lesson4", "lesson4\lesson4.csproj", "{734A859B-3D8C-423B-AE20-652339DF51EA}"
EndProject
Project("{FAE04EC0-301F-11D3-BF4B-00C04F79EFBC}") = "lesson5", "lesson5\lesson5.csproj", "{D2A5C5BA-3302-4100-B1C3-A578B86F4FA1}"
EndProject
Project("{FAE04EC0-301F-11D3-BF4B-00C04F79EFBC}") = "lesson5wpf", "lesson5wpf\lesson5wpf.csproj", "{2B36D65E-4DDD-4566-A12E-D3B8C2AEEDAB}"
EndProject
Project("{FAE04EC0-301F-11D3-BF4B-00C04F79EFBC}") = "ThreadsConsole0", "Threads5776\ThreadsConsole0\ThreadsConsole0.csproj", "{23852059-065F-46B5-9C02-557638C1C671}"
EndProject
Project("{FAE04EC0-301F-11D3-BF4B-00C04F79EFBC}") = "ThreadsConsole1", "Threads5776\ThreadsConsole1\ThreadsConsole1.csproj", "{D4BAE569-B600-4B27-9EED-B54E5A7B521C}"
EndProject
Project("{FAE04EC0-301F-11D3-BF4B-00C04F79EFBC}") = "ThreadsConsole2", "Threads5776\ThreadsConsole2\ThreadsConsole2.csproj", "{6DB8AF83-84FB-4EF2-80DB-1D8A6630B6E5}"
EndProject
Project("{FAE04EC0-301F-11D3-BF4B-00C04F79EFBC}") = "ThreadsConsole3", "Threads5776\ThreadsConsole3\ThreadsConsole3.csproj", "{6D042DBD-6BA2-4130-80CE-B5507FC5453E}"
EndProject
Project("{FAE04EC0-301F-11D3-BF4B-00C04F79EFBC}") = "ThreadsConsole4", "Threads5776\ThreadsConsole4\ThreadsConsole4.csproj", "{39001DA8-EA9C-4EF2-924D-7B4CEC91B99A}"
EndProject
Project("{FAE04EC0-301F-11D3-BF4B-00C04F79EFBC}") = "ThreadsWpf1", "Threads5776\ThreadsWpf1\ThreadsWpf1.csproj", "{83E4E130-B664-45D8-BB09-64835A526AAD}"
EndProject
Project("{FAE04EC0-301F-11D3-BF4B-00C04F79EFBC}") = "ThreadWpf1", "ThreadWpf1\ThreadWpf1\ThreadWpf1.csproj", "{791DE131-4B91-4E5A-A884-D967BA2F3038}"
EndProject
Project("{FAE04EC0-301F-11D3-BF4B-00C04F79EFBC}") = "TimerWPFThreads", "TimerWPFThreads\TimerWPFThreads\TimerWPFThreads.csproj", "{8E23AD19-F92E-4A3F-AD42-BC9379CF0DCE}"
EndProject
Project("{FAE04EC0-301F-11D3-BF4B-00C04F79EFBC}") = "linq1", "linq1\linq1.csproj", "{C231D04F-4B3C-413D-AAB3-5FD65E5EEA4F}"
EndProject
Project("{FAE04EC0-301F-11D3-BF4B-00C04F79EFBC}") = "WpfApp1", "WpfApp1\WpfApp1.csproj", "{D7810745-D2E0-4732-ADAE-BE6BF9AB3B1D}"
EndProject
Project("{FAE04EC0-301F-11D3-BF4B-00C04F79EFBC}") = "linq", "linq\linq.csproj", "{A3FEBFCA-3E3B-4B2D-A37B-A35C8B8B0999}"
EndProject
Project("{FAE04EC0-301F-11D3-BF4B-00C04F79EFBC}") = "attributes", "attributes\attributes.csproj", "{B1A60715-CF0C-4540-8182-6D473C06A384}"
EndProject
Project("{FAE04EC0-301F-11D3-BF4B-00C04F79EFBC}") = "ExamTest", "ExamTest\ExamTest.csproj", "{5DBB01F3-3707-4D66-8793-576DA6A26262}"
EndProject
Project("{FAE04EC0-301F-11D3-BF4B-00C04F79EFBC}") = "Tries", "Tries\Tries.csproj", "{15D6340B-9A28-4997-97FB-5D40990E3826}"
EndProject
Project("{FAE04EC0-301F-11D3-BF4B-00C04F79EFBC}") = "5780lesson2", "5780lesson2\5780lesson2.csproj", "{E634420E-BBA0-4872-ACE5-315EB1B8861C}"
EndProject
Global
	GlobalSection(SolutionConfigurationPlatforms) = preSolution
		Debug|Any CPU = Debug|Any CPU
		Debug|x64 = Debug|x64
		Debug|x86 = Debug|x86
		Release|Any CPU = Release|Any CPU
		Release|x64 = Release|x64
		Release|x86 = Release|x86
	EndGlobalSection
	GlobalSection(ProjectConfigurationPlatforms) = postSolution
		{CE4F40DE-BA6F-4839-87B8-4B0A72318BE1}.Debug|Any CPU.ActiveCfg = Debug|Any CPU
		{CE4F40DE-BA6F-4839-87B8-4B0A72318BE1}.Debug|Any CPU.Build.0 = Debug|Any CPU
		{CE4F40DE-BA6F-4839-87B8-4B0A72318BE1}.Debug|x64.ActiveCfg = Debug|Any CPU
		{CE4F40DE-BA6F-4839-87B8-4B0A72318BE1}.Debug|x64.Build.0 = Debug|Any CPU
		{CE4F40DE-BA6F-4839-87B8-4B0A72318BE1}.Debug|x86.ActiveCfg = Debug|Any CPU
		{CE4F40DE-BA6F-4839-87B8-4B0A72318BE1}.Debug|x86.Build.0 = Debug|Any CPU
		{CE4F40DE-BA6F-4839-87B8-4B0A72318BE1}.Release|Any CPU.ActiveCfg = Release|Any CPU
		{CE4F40DE-BA6F-4839-87B8-4B0A72318BE1}.Release|Any CPU.Build.0 = Release|Any CPU
		{CE4F40DE-BA6F-4839-87B8-4B0A72318BE1}.Release|x64.ActiveCfg = Release|Any CPU
		{CE4F40DE-BA6F-4839-87B8-4B0A72318BE1}.Release|x64.Build.0 = Release|Any CPU
		{CE4F40DE-BA6F-4839-87B8-4B0A72318BE1}.Release|x86.ActiveCfg = Release|Any CPU
		{CE4F40DE-BA6F-4839-87B8-4B0A72318BE1}.Release|x86.Build.0 = Release|Any CPU
		{7A07AC61-5AE3-4758-8032-8C4404C3E566}.Debug|Any CPU.ActiveCfg = Debug|Any CPU
		{7A07AC61-5AE3-4758-8032-8C4404C3E566}.Debug|Any CPU.Build.0 = Debug|Any CPU
		{7A07AC61-5AE3-4758-8032-8C4404C3E566}.Debug|x64.ActiveCfg = Debug|Any CPU
		{7A07AC61-5AE3-4758-8032-8C4404C3E566}.Debug|x64.Build.0 = Debug|Any CPU
		{7A07AC61-5AE3-4758-8032-8C4404C3E566}.Debug|x86.ActiveCfg = Debug|Any CPU
		{7A07AC61-5AE3-4758-8032-8C4404C3E566}.Debug|x86.Build.0 = Debug|Any CPU
		{7A07AC61-5AE3-4758-8032-8C4404C3E566}.Release|Any CPU.ActiveCfg = Release|Any CPU
		{7A07AC61-5AE3-4758-8032-8C4404C3E566}.Release|Any CPU.Build.0 = Release|Any CPU
		{7A07AC61-5AE3-4758-8032-8C4404C3E566}.Release|x64.ActiveCfg = Release|Any CPU
		{7A07AC61-5AE3-4758-8032-8C4404C3E566}.Release|x64.Build.0 = Release|Any CPU
		{7A07AC61-5AE3-4758-8032-8C4404C3E566}.Release|x86.ActiveCfg = Release|Any CPU
		{7A07AC61-5AE3-4758-8032-8C4404C3E566}.Release|x86.Build.0 = Release|Any CPU
		{0CA5D10C-BAF3-48BC-B17C-057A397CF008}.Debug|Any CPU.ActiveCfg = Debug|Any CPU
		{0CA5D10C-BAF3-48BC-B17C-057A397CF008}.Debug|Any CPU.Build.0 = Debug|Any CPU
		{0CA5D10C-BAF3-48BC-B17C-057A397CF008}.Debug|x64.ActiveCfg = Debug|Any CPU
		{0CA5D10C-BAF3-48BC-B17C-057A397CF008}.Debug|x64.Build.0 = Debug|Any CPU
		{0CA5D10C-BAF3-48BC-B17C-057A397CF008}.Debug|x86.ActiveCfg = Debug|Any CPU
		{0CA5D10C-BAF3-48BC-B17C-057A397CF008}.Debug|x86.Build.0 = Debug|Any CPU
		{0CA5D10C-BAF3-48BC-B17C-057A397CF008}.Release|Any CPU.ActiveCfg = Release|Any CPU
		{0CA5D10C-BAF3-48BC-B17C-057A397CF008}.Release|Any CPU.Build.0 = Release|Any CPU
		{0CA5D10C-BAF3-48BC-B17C-057A397CF008}.Release|x64.ActiveCfg = Release|Any CPU
		{0CA5D10C-BAF3-48BC-B17C-057A397CF008}.Release|x64.Build.0 = Release|Any CPU
		{0CA5D10C-BAF3-48BC-B17C-057A397CF008}.Release|x86.ActiveCfg = Release|Any CPU
		{0CA5D10C-BAF3-48BC-B17C-057A397CF008}.Release|x86.Build.0 = Release|Any CPU
		{734A859B-3D8C-423B-AE20-652339DF51EA}.Debug|Any CPU.ActiveCfg = Debug|Any CPU
		{734A859B-3D8C-423B-AE20-652339DF51EA}.Debug|Any CPU.Build.0 = Debug|Any CPU
		{734A859B-3D8C-423B-AE20-652339DF51EA}.Debug|x64.ActiveCfg = Debug|Any CPU
		{734A859B-3D8C-423B-AE20-652339DF51EA}.Debug|x64.Build.0 = Debug|Any CPU
		{734A859B-3D8C-423B-AE20-652339DF51EA}.Debug|x86.ActiveCfg = Debug|Any CPU
		{734A859B-3D8C-423B-AE20-652339DF51EA}.Debug|x86.Build.0 = Debug|Any CPU
		{734A859B-3D8C-423B-AE20-652339DF51EA}.Release|Any CPU.ActiveCfg = Release|Any CPU
		{734A859B-3D8C-423B-AE20-652339DF51EA}.Release|Any CPU.Build.0 = Release|Any CPU
		{734A859B-3D8C-423B-AE20-652339DF51EA}.Release|x64.ActiveCfg = Release|Any CPU
		{734A859B-3D8C-423B-AE20-652339DF51EA}.Release|x64.Build.0 = Release|Any CPU
		{734A859B-3D8C-423B-AE20-652339DF51EA}.Release|x86.ActiveCfg = Release|Any CPU
		{734A859B-3D8C-423B-AE20-652339DF51EA}.Release|x86.Build.0 = Release|Any CPU
		{D2A5C5BA-3302-4100-B1C3-A578B86F4FA1}.Debug|Any CPU.ActiveCfg = Debug|Any CPU
		{D2A5C5BA-3302-4100-B1C3-A578B86F4FA1}.Debug|Any CPU.Build.0 = Debug|Any CPU
		{D2A5C5BA-3302-4100-B1C3-A578B86F4FA1}.Debug|x64.ActiveCfg = Debug|Any CPU
		{D2A5C5BA-3302-4100-B1C3-A578B86F4FA1}.Debug|x64.Build.0 = Debug|Any CPU
		{D2A5C5BA-3302-4100-B1C3-A578B86F4FA1}.Debug|x86.ActiveCfg = Debug|Any CPU
		{D2A5C5BA-3302-4100-B1C3-A578B86F4FA1}.Debug|x86.Build.0 = Debug|Any CPU
		{D2A5C5BA-3302-4100-B1C3-A578B86F4FA1}.Release|Any CPU.ActiveCfg = Release|Any CPU
		{D2A5C5BA-3302-4100-B1C3-A578B86F4FA1}.Release|Any CPU.Build.0 = Release|Any CPU
		{D2A5C5BA-3302-4100-B1C3-A578B86F4FA1}.Release|x64.ActiveCfg = Release|Any CPU
		{D2A5C5BA-3302-4100-B1C3-A578B86F4FA1}.Release|x64.Build.0 = Release|Any CPU
		{D2A5C5BA-3302-4100-B1C3-A578B86F4FA1}.Release|x86.ActiveCfg = Release|Any CPU
		{D2A5C5BA-3302-4100-B1C3-A578B86F4FA1}.Release|x86.Build.0 = Release|Any CPU
		{2B36D65E-4DDD-4566-A12E-D3B8C2AEEDAB}.Debug|Any CPU.ActiveCfg = Debug|Any CPU
		{2B36D65E-4DDD-4566-A12E-D3B8C2AEEDAB}.Debug|Any CPU.Build.0 = Debug|Any CPU
		{2B36D65E-4DDD-4566-A12E-D3B8C2AEEDAB}.Debug|x64.ActiveCfg = Debug|Any CPU
		{2B36D65E-4DDD-4566-A12E-D3B8C2AEEDAB}.Debug|x64.Build.0 = Debug|Any CPU
		{2B36D65E-4DDD-4566-A12E-D3B8C2AEEDAB}.Debug|x86.ActiveCfg = Debug|Any CPU
		{2B36D65E-4DDD-4566-A12E-D3B8C2AEEDAB}.Debug|x86.Build.0 = Debug|Any CPU
		{2B36D65E-4DDD-4566-A12E-D3B8C2AEEDAB}.Release|Any CPU.ActiveCfg = Release|Any CPU
		{2B36D65E-4DDD-4566-A12E-D3B8C2AEEDAB}.Release|Any CPU.Build.0 = Release|Any CPU
		{2B36D65E-4DDD-4566-A12E-D3B8C2AEEDAB}.Release|x64.ActiveCfg = Release|Any CPU
		{2B36D65E-4DDD-4566-A12E-D3B8C2AEEDAB}.Release|x64.Build.0 = Release|Any CPU
		{2B36D65E-4DDD-4566-A12E-D3B8C2AEEDAB}.Release|x86.ActiveCfg = Release|Any CPU
		{2B36D65E-4DDD-4566-A12E-D3B8C2AEEDAB}.Release|x86.Build.0 = Release|Any CPU
		{23852059-065F-46B5-9C02-557638C1C671}.Debug|Any CPU.ActiveCfg = Debug|Any CPU
		{23852059-065F-46B5-9C02-557638C1C671}.Debug|Any CPU.Build.0 = Debug|Any CPU
		{23852059-065F-46B5-9C02-557638C1C671}.Debug|x64.ActiveCfg = Debug|Any CPU
		{23852059-065F-46B5-9C02-557638C1C671}.Debug|x64.Build.0 = Debug|Any CPU
		{23852059-065F-46B5-9C02-557638C1C671}.Debug|x86.ActiveCfg = Debug|Any CPU
		{23852059-065F-46B5-9C02-557638C1C671}.Debug|x86.Build.0 = Debug|Any CPU
		{23852059-065F-46B5-9C02-557638C1C671}.Release|Any CPU.ActiveCfg = Release|Any CPU
		{23852059-065F-46B5-9C02-557638C1C671}.Release|Any CPU.Build.0 = Release|Any CPU
		{23852059-065F-46B5-9C02-557638C1C671}.Release|x64.ActiveCfg = Release|Any CPU
		{23852059-065F-46B5-9C02-557638C1C671}.Release|x64.Build.0 = Release|Any CPU
		{23852059-065F-46B5-9C02-557638C1C671}.Release|x86.ActiveCfg = Release|Any CPU
		{23852059-065F-46B5-9C02-557638C1C671}.Release|x86.Build.0 = Release|Any CPU
		{D4BAE569-B600-4B27-9EED-B54E5A7B521C}.Debug|Any CPU.ActiveCfg = Debug|Any CPU
		{D4BAE569-B600-4B27-9EED-B54E5A7B521C}.Debug|Any CPU.Build.0 = Debug|Any CPU
		{D4BAE569-B600-4B27-9EED-B54E5A7B521C}.Debug|x64.ActiveCfg = Debug|Any CPU
		{D4BAE569-B600-4B27-9EED-B54E5A7B521C}.Debug|x64.Build.0 = Debug|Any CPU
		{D4BAE569-B600-4B27-9EED-B54E5A7B521C}.Debug|x86.ActiveCfg = Debug|Any CPU
		{D4BAE569-B600-4B27-9EED-B54E5A7B521C}.Debug|x86.Build.0 = Debug|Any CPU
		{D4BAE569-B600-4B27-9EED-B54E5A7B521C}.Release|Any CPU.ActiveCfg = Release|Any CPU
		{D4BAE569-B600-4B27-9EED-B54E5A7B521C}.Release|Any CPU.Build.0 = Release|Any CPU
		{D4BAE569-B600-4B27-9EED-B54E5A7B521C}.Release|x64.ActiveCfg = Release|Any CPU
		{D4BAE569-B600-4B27-9EED-B54E5A7B521C}.Release|x64.Build.0 = Release|Any CPU
		{D4BAE569-B600-4B27-9EED-B54E5A7B521C}.Release|x86.ActiveCfg = Release|Any CPU
		{D4BAE569-B600-4B27-9EED-B54E5A7B521C}.Release|x86.Build.0 = Release|Any CPU
		{6DB8AF83-84FB-4EF2-80DB-1D8A6630B6E5}.Debug|Any CPU.ActiveCfg = Debug|Any CPU
		{6DB8AF83-84FB-4EF2-80DB-1D8A6630B6E5}.Debug|Any CPU.Build.0 = Debug|Any CPU
		{6DB8AF83-84FB-4EF2-80DB-1D8A6630B6E5}.Debug|x64.ActiveCfg = Debug|Any CPU
		{6DB8AF83-84FB-4EF2-80DB-1D8A6630B6E5}.Debug|x64.Build.0 = Debug|Any CPU
		{6DB8AF83-84FB-4EF2-80DB-1D8A6630B6E5}.Debug|x86.ActiveCfg = Debug|Any CPU
		{6DB8AF83-84FB-4EF2-80DB-1D8A6630B6E5}.Debug|x86.Build.0 = Debug|Any CPU
		{6DB8AF83-84FB-4EF2-80DB-1D8A6630B6E5}.Release|Any CPU.ActiveCfg = Release|Any CPU
		{6DB8AF83-84FB-4EF2-80DB-1D8A6630B6E5}.Release|Any CPU.Build.0 = Release|Any CPU
		{6DB8AF83-84FB-4EF2-80DB-1D8A6630B6E5}.Release|x64.ActiveCfg = Release|Any CPU
		{6DB8AF83-84FB-4EF2-80DB-1D8A6630B6E5}.Release|x64.Build.0 = Release|Any CPU
		{6DB8AF83-84FB-4EF2-80DB-1D8A6630B6E5}.Release|x86.ActiveCfg = Release|Any CPU
		{6DB8AF83-84FB-4EF2-80DB-1D8A6630B6E5}.Release|x86.Build.0 = Release|Any CPU
		{6D042DBD-6BA2-4130-80CE-B5507FC5453E}.Debug|Any CPU.ActiveCfg = Debug|Any CPU
		{6D042DBD-6BA2-4130-80CE-B5507FC5453E}.Debug|Any CPU.Build.0 = Debug|Any CPU
		{6D042DBD-6BA2-4130-80CE-B5507FC5453E}.Debug|x64.ActiveCfg = Debug|Any CPU
		{6D042DBD-6BA2-4130-80CE-B5507FC5453E}.Debug|x64.Build.0 = Debug|Any CPU
		{6D042DBD-6BA2-4130-80CE-B5507FC5453E}.Debug|x86.ActiveCfg = Debug|Any CPU
		{6D042DBD-6BA2-4130-80CE-B5507FC5453E}.Debug|x86.Build.0 = Debug|Any CPU
		{6D042DBD-6BA2-4130-80CE-B5507FC5453E}.Release|Any CPU.ActiveCfg = Release|Any CPU
		{6D042DBD-6BA2-4130-80CE-B5507FC5453E}.Release|Any CPU.Build.0 = Release|Any CPU
		{6D042DBD-6BA2-4130-80CE-B5507FC5453E}.Release|x64.ActiveCfg = Release|Any CPU
		{6D042DBD-6BA2-4130-80CE-B5507FC5453E}.Release|x64.Build.0 = Release|Any CPU
		{6D042DBD-6BA2-4130-80CE-B5507FC5453E}.Release|x86.ActiveCfg = Release|Any CPU
		{6D042DBD-6BA2-4130-80CE-B5507FC5453E}.Release|x86.Build.0 = Release|Any CPU
		{39001DA8-EA9C-4EF2-924D-7B4CEC91B99A}.Debug|Any CPU.ActiveCfg = Debug|Any CPU
		{39001DA8-EA9C-4EF2-924D-7B4CEC91B99A}.Debug|Any CPU.Build.0 = Debug|Any CPU
		{39001DA8-EA9C-4EF2-924D-7B4CEC91B99A}.Debug|x64.ActiveCfg = Debug|Any CPU
		{39001DA8-EA9C-4EF2-924D-7B4CEC91B99A}.Debug|x64.Build.0 = Debug|Any CPU
		{39001DA8-EA9C-4EF2-924D-7B4CEC91B99A}.Debug|x86.ActiveCfg = Debug|Any CPU
		{39001DA8-EA9C-4EF2-924D-7B4CEC91B99A}.Debug|x86.Build.0 = Debug|Any CPU
		{39001DA8-EA9C-4EF2-924D-7B4CEC91B99A}.Release|Any CPU.ActiveCfg = Release|Any CPU
		{39001DA8-EA9C-4EF2-924D-7B4CEC91B99A}.Release|Any CPU.Build.0 = Release|Any CPU
		{39001DA8-EA9C-4EF2-924D-7B4CEC91B99A}.Release|x64.ActiveCfg = Release|Any CPU
		{39001DA8-EA9C-4EF2-924D-7B4CEC91B99A}.Release|x64.Build.0 = Release|Any CPU
		{39001DA8-EA9C-4EF2-924D-7B4CEC91B99A}.Release|x86.ActiveCfg = Release|Any CPU
		{39001DA8-EA9C-4EF2-924D-7B4CEC91B99A}.Release|x86.Build.0 = Release|Any CPU
		{83E4E130-B664-45D8-BB09-64835A526AAD}.Debug|Any CPU.ActiveCfg = Debug|Any CPU
		{83E4E130-B664-45D8-BB09-64835A526AAD}.Debug|Any CPU.Build.0 = Debug|Any CPU
		{83E4E130-B664-45D8-BB09-64835A526AAD}.Debug|x64.ActiveCfg = Debug|Any CPU
		{83E4E130-B664-45D8-BB09-64835A526AAD}.Debug|x64.Build.0 = Debug|Any CPU
		{83E4E130-B664-45D8-BB09-64835A526AAD}.Debug|x86.ActiveCfg = Debug|Any CPU
		{83E4E130-B664-45D8-BB09-64835A526AAD}.Debug|x86.Build.0 = Debug|Any CPU
		{83E4E130-B664-45D8-BB09-64835A526AAD}.Release|Any CPU.ActiveCfg = Release|Any CPU
		{83E4E130-B664-45D8-BB09-64835A526AAD}.Release|Any CPU.Build.0 = Release|Any CPU
		{83E4E130-B664-45D8-BB09-64835A526AAD}.Release|x64.ActiveCfg = Release|Any CPU
		{83E4E130-B664-45D8-BB09-64835A526AAD}.Release|x64.Build.0 = Release|Any CPU
		{83E4E130-B664-45D8-BB09-64835A526AAD}.Release|x86.ActiveCfg = Release|Any CPU
		{83E4E130-B664-45D8-BB09-64835A526AAD}.Release|x86.Build.0 = Release|Any CPU
		{791DE131-4B91-4E5A-A884-D967BA2F3038}.Debug|Any CPU.ActiveCfg = Debug|Any CPU
		{791DE131-4B91-4E5A-A884-D967BA2F3038}.Debug|Any CPU.Build.0 = Debug|Any CPU
		{791DE131-4B91-4E5A-A884-D967BA2F3038}.Debug|x64.ActiveCfg = Debug|Any CPU
		{791DE131-4B91-4E5A-A884-D967BA2F3038}.Debug|x64.Build.0 = Debug|Any CPU
		{791DE131-4B91-4E5A-A884-D967BA2F3038}.Debug|x86.ActiveCfg = Debug|Any CPU
		{791DE131-4B91-4E5A-A884-D967BA2F3038}.Debug|x86.Build.0 = Debug|Any CPU
		{791DE131-4B91-4E5A-A884-D967BA2F3038}.Release|Any CPU.ActiveCfg = Release|Any CPU
		{791DE131-4B91-4E5A-A884-D967BA2F3038}.Release|Any CPU.Build.0 = Release|Any CPU
		{791DE131-4B91-4E5A-A884-D967BA2F3038}.Release|x64.ActiveCfg = Release|Any CPU
		{791DE131-4B91-4E5A-A884-D967BA2F3038}.Release|x64.Build.0 = Release|Any CPU
		{791DE131-4B91-4E5A-A884-D967BA2F3038}.Release|x86.ActiveCfg = Release|Any CPU
		{791DE131-4B91-4E5A-A884-D967BA2F3038}.Release|x86.Build.0 = Release|Any CPU
		{8E23AD19-F92E-4A3F-AD42-BC9379CF0DCE}.Debug|Any CPU.ActiveCfg = Debug|Any CPU
		{8E23AD19-F92E-4A3F-AD42-BC9379CF0DCE}.Debug|Any CPU.Build.0 = Debug|Any CPU
		{8E23AD19-F92E-4A3F-AD42-BC9379CF0DCE}.Debug|x64.ActiveCfg = Debug|Any CPU
		{8E23AD19-F92E-4A3F-AD42-BC9379CF0DCE}.Debug|x64.Build.0 = Debug|Any CPU
		{8E23AD19-F92E-4A3F-AD42-BC9379CF0DCE}.Debug|x86.ActiveCfg = Debug|Any CPU
		{8E23AD19-F92E-4A3F-AD42-BC9379CF0DCE}.Debug|x86.Build.0 = Debug|Any CPU
		{8E23AD19-F92E-4A3F-AD42-BC9379CF0DCE}.Release|Any CPU.ActiveCfg = Release|Any CPU
		{8E23AD19-F92E-4A3F-AD42-BC9379CF0DCE}.Release|Any CPU.Build.0 = Release|Any CPU
		{8E23AD19-F92E-4A3F-AD42-BC9379CF0DCE}.Release|x64.ActiveCfg = Release|Any CPU
		{8E23AD19-F92E-4A3F-AD42-BC9379CF0DCE}.Release|x64.Build.0 = Release|Any CPU
		{8E23AD19-F92E-4A3F-AD42-BC9379CF0DCE}.Release|x86.ActiveCfg = Release|Any CPU
		{8E23AD19-F92E-4A3F-AD42-BC9379CF0DCE}.Release|x86.Build.0 = Release|Any CPU
		{C231D04F-4B3C-413D-AAB3-5FD65E5EEA4F}.Debug|Any CPU.ActiveCfg = Debug|Any CPU
		{C231D04F-4B3C-413D-AAB3-5FD65E5EEA4F}.Debug|Any CPU.Build.0 = Debug|Any CPU
		{C231D04F-4B3C-413D-AAB3-5FD65E5EEA4F}.Debug|x64.ActiveCfg = Debug|Any CPU
		{C231D04F-4B3C-413D-AAB3-5FD65E5EEA4F}.Debug|x64.Build.0 = Debug|Any CPU
		{C231D04F-4B3C-413D-AAB3-5FD65E5EEA4F}.Debug|x86.ActiveCfg = Debug|Any CPU
		{C231D04F-4B3C-413D-AAB3-5FD65E5EEA4F}.Debug|x86.Build.0 = Debug|Any CPU
		{C231D04F-4B3C-413D-AAB3-5FD65E5EEA4F}.Release|Any CPU.ActiveCfg = Release|Any CPU
		{C231D04F-4B3C-413D-AAB3-5FD65E5EEA4F}.Release|Any CPU.Build.0 = Release|Any CPU
		{C231D04F-4B3C-413D-AAB3-5FD65E5EEA4F}.Release|x64.ActiveCfg = Release|Any CPU
		{C231D04F-4B3C-413D-AAB3-5FD65E5EEA4F}.Release|x64.Build.0 = Release|Any CPU
		{C231D04F-4B3C-413D-AAB3-5FD65E5EEA4F}.Release|x86.ActiveCfg = Release|Any CPU
		{C231D04F-4B3C-413D-AAB3-5FD65E5EEA4F}.Release|x86.Build.0 = Release|Any CPU
		{D7810745-D2E0-4732-ADAE-BE6BF9AB3B1D}.Debug|Any CPU.ActiveCfg = Debug|Any CPU
		{D7810745-D2E0-4732-ADAE-BE6BF9AB3B1D}.Debug|Any CPU.Build.0 = Debug|Any CPU
		{D7810745-D2E0-4732-ADAE-BE6BF9AB3B1D}.Debug|x64.ActiveCfg = Debug|Any CPU
		{D7810745-D2E0-4732-ADAE-BE6BF9AB3B1D}.Debug|x64.Build.0 = Debug|Any CPU
		{D7810745-D2E0-4732-ADAE-BE6BF9AB3B1D}.Debug|x86.ActiveCfg = Debug|Any CPU
		{D7810745-D2E0-4732-ADAE-BE6BF9AB3B1D}.Debug|x86.Build.0 = Debug|Any CPU
		{D7810745-D2E0-4732-ADAE-BE6BF9AB3B1D}.Release|Any CPU.ActiveCfg = Release|Any CPU
		{D7810745-D2E0-4732-ADAE-BE6BF9AB3B1D}.Release|Any CPU.Build.0 = Release|Any CPU
		{D7810745-D2E0-4732-ADAE-BE6BF9AB3B1D}.Release|x64.ActiveCfg = Release|Any CPU
		{D7810745-D2E0-4732-ADAE-BE6BF9AB3B1D}.Release|x64.Build.0 = Release|Any CPU
		{D7810745-D2E0-4732-ADAE-BE6BF9AB3B1D}.Release|x86.ActiveCfg = Release|Any CPU
		{D7810745-D2E0-4732-ADAE-BE6BF9AB3B1D}.Release|x86.Build.0 = Release|Any CPU
		{A3FEBFCA-3E3B-4B2D-A37B-A35C8B8B0999}.Debug|Any CPU.ActiveCfg = Debug|Any CPU
		{A3FEBFCA-3E3B-4B2D-A37B-A35C8B8B0999}.Debug|Any CPU.Build.0 = Debug|Any CPU
		{A3FEBFCA-3E3B-4B2D-A37B-A35C8B8B0999}.Debug|x64.ActiveCfg = Debug|Any CPU
		{A3FEBFCA-3E3B-4B2D-A37B-A35C8B8B0999}.Debug|x64.Build.0 = Debug|Any CPU
		{A3FEBFCA-3E3B-4B2D-A37B-A35C8B8B0999}.Debug|x86.ActiveCfg = Debug|Any CPU
		{A3FEBFCA-3E3B-4B2D-A37B-A35C8B8B0999}.Debug|x86.Build.0 = Debug|Any CPU
		{A3FEBFCA-3E3B-4B2D-A37B-A35C8B8B0999}.Release|Any CPU.ActiveCfg = Release|Any CPU
		{A3FEBFCA-3E3B-4B2D-A37B-A35C8B8B0999}.Release|Any CPU.Build.0 = Release|Any CPU
		{A3FEBFCA-3E3B-4B2D-A37B-A35C8B8B0999}.Release|x64.ActiveCfg = Release|Any CPU
		{A3FEBFCA-3E3B-4B2D-A37B-A35C8B8B0999}.Release|x64.Build.0 = Release|Any CPU
		{A3FEBFCA-3E3B-4B2D-A37B-A35C8B8B0999}.Release|x86.ActiveCfg = Release|Any CPU
		{A3FEBFCA-3E3B-4B2D-A37B-A35C8B8B0999}.Release|x86.Build.0 = Release|Any CPU
		{B1A60715-CF0C-4540-8182-6D473C06A384}.Debug|Any CPU.ActiveCfg = Debug|Any CPU
		{B1A60715-CF0C-4540-8182-6D473C06A384}.Debug|Any CPU.Build.0 = Debug|Any CPU
		{B1A60715-CF0C-4540-8182-6D473C06A384}.Debug|x64.ActiveCfg = Debug|Any CPU
		{B1A60715-CF0C-4540-8182-6D473C06A384}.Debug|x64.Build.0 = Debug|Any CPU
		{B1A60715-CF0C-4540-8182-6D473C06A384}.Debug|x86.ActiveCfg = Debug|Any CPU
		{B1A60715-CF0C-4540-8182-6D473C06A384}.Debug|x86.Build.0 = Debug|Any CPU
		{B1A60715-CF0C-4540-8182-6D473C06A384}.Release|Any CPU.ActiveCfg = Release|Any CPU
		{B1A60715-CF0C-4540-8182-6D473C06A384}.Release|Any CPU.Build.0 = Release|Any CPU
		{B1A60715-CF0C-4540-8182-6D473C06A384}.Release|x64.ActiveCfg = Release|Any CPU
		{B1A60715-CF0C-4540-8182-6D473C06A384}.Release|x64.Build.0 = Release|Any CPU
		{B1A60715-CF0C-4540-8182-6D473C06A384}.Release|x86.ActiveCfg = Release|Any CPU
		{B1A60715-CF0C-4540-8182-6D473C06A384}.Release|x86.Build.0 = Release|Any CPU
		{5DBB01F3-3707-4D66-8793-576DA6A26262}.Debug|Any CPU.ActiveCfg = Debug|Any CPU
		{5DBB01F3-3707-4D66-8793-576DA6A26262}.Debug|Any CPU.Build.0 = Debug|Any CPU
		{5DBB01F3-3707-4D66-8793-576DA6A26262}.Debug|x64.ActiveCfg = Debug|Any CPU
		{5DBB01F3-3707-4D66-8793-576DA6A26262}.Debug|x64.Build.0 = Debug|Any CPU
		{5DBB01F3-3707-4D66-8793-576DA6A26262}.Debug|x86.ActiveCfg = Debug|Any CPU
		{5DBB01F3-3707-4D66-8793-576DA6A26262}.Debug|x86.Build.0 = Debug|Any CPU
		{5DBB01F3-3707-4D66-8793-576DA6A26262}.Release|Any CPU.ActiveCfg = Release|Any CPU
		{5DBB01F3-3707-4D66-8793-576DA6A26262}.Release|Any CPU.Build.0 = Release|Any CPU
		{5DBB01F3-3707-4D66-8793-576DA6A26262}.Release|x64.ActiveCfg = Release|Any CPU
		{5DBB01F3-3707-4D66-8793-576DA6A26262}.Release|x64.Build.0 = Release|Any CPU
		{5DBB01F3-3707-4D66-8793-576DA6A26262}.Release|x86.ActiveCfg = Release|Any CPU
		{5DBB01F3-3707-4D66-8793-576DA6A26262}.Release|x86.Build.0 = Release|Any CPU
		{15D6340B-9A28-4997-97FB-5D40990E3826}.Debug|Any CPU.ActiveCfg = Debug|Any CPU
		{15D6340B-9A28-4997-97FB-5D40990E3826}.Debug|Any CPU.Build.0 = Debug|Any CPU
		{15D6340B-9A28-4997-97FB-5D40990E3826}.Debug|x64.ActiveCfg = Debug|Any CPU
		{15D6340B-9A28-4997-97FB-5D40990E3826}.Debug|x64.Build.0 = Debug|Any CPU
		{15D6340B-9A28-4997-97FB-5D40990E3826}.Debug|x86.ActiveCfg = Debug|Any CPU
		{15D6340B-9A28-4997-97FB-5D40990E3826}.Debug|x86.Build.0 = Debug|Any CPU
		{15D6340B-9A28-4997-97FB-5D40990E3826}.Release|Any CPU.ActiveCfg = Release|Any CPU
		{15D6340B-9A28-4997-97FB-5D40990E3826}.Release|Any CPU.Build.0 = Release|Any CPU
		{15D6340B-9A28-4997-97FB-5D40990E3826}.Release|x64.ActiveCfg = Release|Any CPU
		{15D6340B-9A28-4997-97FB-5D40990E3826}.Release|x64.Build.0 = Release|Any CPU
		{15D6340B-9A28-4997-97FB-5D40990E3826}.Release|x86.ActiveCfg = Release|Any CPU
		{15D6340B-9A28-4997-97FB-5D40990E3826}.Release|x86.Build.0 = Release|Any CPU
		{E634420E-BBA0-4872-ACE5-315EB1B8861C}.Debug|Any CPU.ActiveCfg = Debug|Any CPU
		{E634420E-BBA0-4872-ACE5-315EB1B8861C}.Debug|Any CPU.Build.0 = Debug|Any CPU
		{E634420E-BBA0-4872-ACE5-315EB1B8861C}.Debug|x64.ActiveCfg = Debug|Any CPU
		{E634420E-BBA0-4872-ACE5-315EB1B8861C}.Debug|x64.Build.0 = Debug|Any CPU
		{E634420E-BBA0-4872-ACE5-315EB1B8861C}.Debug|x86.ActiveCfg = Debug|Any CPU
		{E634420E-BBA0-4872-ACE5-315EB1B8861C}.Debug|x86.Build.0 = Debug|Any CPU
		{E634420E-BBA0-4872-ACE5-315EB1B8861C}.Release|Any CPU.ActiveCfg = Release|Any CPU
		{E634420E-BBA0-4872-ACE5-315EB1B8861C}.Release|Any CPU.Build.0 = Release|Any CPU
		{E634420E-BBA0-4872-ACE5-315EB1B8861C}.Release|x64.ActiveCfg = Release|Any CPU
		{E634420E-BBA0-4872-ACE5-315EB1B8861C}.Release|x64.Build.0 = Release|Any CPU
		{E634420E-BBA0-4872-ACE5-315EB1B8861C}.Release|x86.ActiveCfg = Release|Any CPU
		{E634420E-BBA0-4872-ACE5-315EB1B8861C}.Release|x86.Build.0 = Release|Any CPU
	EndGlobalSection
	GlobalSection(SolutionProperties) = preSolution
		HideSolutionNode = FALSE
	EndGlobalSection
	GlobalSection(ExtensibilityGlobals) = postSolution
		SolutionGuid = {E4E1D424-9C18-462A-9691-62F61E990805}
	EndGlobalSection
EndGlobal
